
Microsoft Visual Studio Solution File, Format Version 12.00
# Visual Studio Version 17
VisualStudioVersion = 17.9.34607.119
MinimumVisualStudioVersion = 10.0.40219.1
Project("{FAE04EC0-301F-11D3-BF4B-00C04F79EFBC}") = "OSK.Extensions.SystemTextJson.Common", "OSK.Extensions.SystemTextJson.Common\OSK.Extensions.SystemTextJson.Common.csproj", "{C39AB00F-D6C3-444E-9CBA-884F75F4E92F}"
EndProject
Global
	GlobalSection(SolutionConfigurationPlatforms) = preSolution
		Debug|Any CPU = Debug|Any CPU
		Release|Any CPU = Release|Any CPU
	EndGlobalSection
	GlobalSection(ProjectConfigurationPlatforms) = postSolution
		{C39AB00F-D6C3-444E-9CBA-884F75F4E92F}.Debug|Any CPU.ActiveCfg = Debug|Any CPU
		{C39AB00F-D6C3-444E-9CBA-884F75F4E92F}.Debug|Any CPU.Build.0 = Debug|Any CPU
		{C39AB00F-D6C3-444E-9CBA-884F75F4E92F}.Release|Any CPU.ActiveCfg = Release|Any CPU
		{C39AB00F-D6C3-444E-9CBA-884F75F4E92F}.Release|Any CPU.Build.0 = Release|Any CPU
	EndGlobalSection
	GlobalSection(SolutionProperties) = preSolution
		HideSolutionNode = FALSE
	EndGlobalSection
	GlobalSection(ExtensibilityGlobals) = postSolution
		SolutionGuid = {10CBB5FB-5C91-48D3-8C17-985D4F17D091}
	EndGlobalSection
EndGlobal
